{
  "requires": true,
  "lockfileVersion": 1,
  "dependencies": {
    "@angular/http": {
      "version": "4.0.0",
      "resolved": "https://registry.npmjs.org/@angular/http/-/http-4.0.0.tgz",
      "integrity": "sha1-RaU46sQqCxPzdEx+i6/rF9WNoxw="
    },
    "ng-dynamic-component": {
      "version": "4.0.2",
      "resolved": "https://registry.npmjs.org/ng-dynamic-component/-/ng-dynamic-component-4.0.2.tgz",
      "integrity": "sha512-c4goUmI+tHSz441aVFmsoeYzaVQYUJIlct07snehAmNMIMLS63jg8vlv9xvnAT91rMX2Lbkoyzp5I3x+pD8/8Q=="
    },
    "ng-virtual-table": {
      "version": "1.0.45",
      "resolved": "https://registry.npmjs.org/ng-virtual-table/-/ng-virtual-table-1.0.45.tgz",
      "integrity": "sha512-xQ8C5nYXzZxB3/30r759pY5bQ29f8hPSXfTuw4XXIlc9vPo/QQf3L2n199DThCC3IOo3AqwGgYn2F7v5i1U2OQ==",
      "requires": {
        "ng-dynamic-component": "^4.0.0",
        "tslib": "^1.9.0"
      }
    },
    "ngx-dynamic-material-table": {
      "version": "0.2.8",
      "resolved": "https://registry.npmjs.org/ngx-dynamic-material-table/-/ngx-dynamic-material-table-0.2.8.tgz",
      "integrity": "sha512-ZIW+brjBYLoKXEzwwpnzdtzP48XjS7bQKjZArSQ1yUuipK/3l7zG06+hKEIXWCOL+owAEgt2wbTF0BSrEnQrDA==",
      "requires": {
        "tslib": "^1.9.0"
      }
    },
    "tslib": {
      "version": "1.9.3",
      "resolved": "https://registry.npmjs.org/tslib/-/tslib-1.9.3.tgz",
      "integrity": "sha512-4krF8scpejhaOgqzBEcGM7yDIEfi0/8+8zDRZhNZZ2kjmHJ4hv3zCbQWxoJGz1iw5U0Jl0nma13xzHXcncMavQ=="
    }
  }
}
